
Microsoft Visual Studio Solution File, Format Version 12.00
# Visual Studio Version 16
VisualStudioVersion = 16.0.30128.74
MinimumVisualStudioVersion = 10.0.40219.1
Project("{8BC9CEB8-8B4A-11D0-8D11-00A0C91BC942}") = "Solution", "Solution.vcxproj", "{34E775AC-E63F-4A10-99CF-4A66A232FD15}"
EndProject
Global
	GlobalSection(SolutionConfigurationPlatforms) = preSolution
		Debug|x64 = Debug|x64
		Debug|x86 = Debug|x86
		Release|x64 = Release|x64
		Release|x86 = Release|x86
	EndGlobalSection
	GlobalSection(ProjectConfigurationPlatforms) = postSolution
		{34E775AC-E63F-4A10-99CF-4A66A232FD15}.Debug|x64.ActiveCfg = Debug|x64
		{34E775AC-E63F-4A10-99CF-4A66A232FD15}.Debug|x64.Build.0 = Debug|x64
		{34E775AC-E63F-4A10-99CF-4A66A232FD15}.Debug|x86.ActiveCfg = Debug|Win32
		{34E775AC-E63F-4A10-99CF-4A66A232FD15}.Debug|x86.Build.0 = Debug|Win32
		{34E775AC-E63F-4A10-99CF-4A66A232FD15}.Release|x64.ActiveCfg = Release|x64
		{34E775AC-E63F-4A10-99CF-4A66A232FD15}.Release|x64.Build.0 = Release|x64
		{34E775AC-E63F-4A10-99CF-4A66A232FD15}.Release|x86.ActiveCfg = Release|Win32
		{34E775AC-E63F-4A10-99CF-4A66A232FD15}.Release|x86.Build.0 = Release|Win32
	EndGlobalSection
	GlobalSection(SolutionProperties) = preSolution
		HideSolutionNode = FALSE
	EndGlobalSection
	GlobalSection(ExtensibilityGlobals) = postSolution
		SolutionGuid = {D58655CF-AD12-4587-A11A-DC182ED0A51A}
	EndGlobalSection
EndGlobal
